{
  "requires": true,
  "lockfileVersion": 1,
  "dependencies": {
    "react-detect-offline": {
      "version": "2.4.3",
      "resolved": "https://registry.npmjs.org/react-detect-offline/-/react-detect-offline-2.4.3.tgz",
      "integrity": "sha512-YDJRJ1qbCcwCV37yiBGEzC+SeHtqe2kKV9EVYDEo77gm9QFLa2tZesF6ciOSx1A+tmMAZGtBD38VHdBQVe4yAA=="
    }
  }
}
